
Microsoft Visual Studio Solution File, Format Version 12.00
# Visual Studio Version 17
VisualStudioVersion = 17.7.34031.279
MinimumVisualStudioVersion = 10.0.40219.1
Project("{FAE04EC0-301F-11D3-BF4B-00C04F79EFBC}") = "Caesar", "Caesar\Caesar.csproj", "{F8D87F3B-715F-44CE-98C3-A8721094919A}"
EndProject
Global
	GlobalSection(SolutionConfigurationPlatforms) = preSolution
		Debug|Any CPU = Debug|Any CPU
		Release|Any CPU = Release|Any CPU
	EndGlobalSection
	GlobalSection(ProjectConfigurationPlatforms) = postSolution
		{F8D87F3B-715F-44CE-98C3-A8721094919A}.Debug|Any CPU.ActiveCfg = Debug|Any CPU
		{F8D87F3B-715F-44CE-98C3-A8721094919A}.Debug|Any CPU.Build.0 = Debug|Any CPU
		{F8D87F3B-715F-44CE-98C3-A8721094919A}.Release|Any CPU.ActiveCfg = Release|Any CPU
		{F8D87F3B-715F-44CE-98C3-A8721094919A}.Release|Any CPU.Build.0 = Release|Any CPU
	EndGlobalSection
	GlobalSection(SolutionProperties) = preSolution
		HideSolutionNode = FALSE
	EndGlobalSection
	GlobalSection(ExtensibilityGlobals) = postSolution
		SolutionGuid = {8673FBE6-4CEE-45EC-A91D-98EE2B664413}
	EndGlobalSection
EndGlobal
